# THIS IS AN AUTOGENERATED FILE. DO NOT EDIT THIS FILE DIRECTLY.
# yarn lockfile v1


create-next-app@^12.3.1:
  version "12.3.1"
  resolved "https://registry.yarnpkg.com/create-next-app/-/create-next-app-12.3.1.tgz#251c53600d8a7eb0362b2b2a6fcd5529eaca2e82"
  integrity sha512-dDEO+hs++58j+OdzK9ZZi4P8OPggERiXJ+p0SQhbqHfOgVxb3g/5H++XpCM0zy0nOS+1TCGeWp7+k+DW8GRYkA==
